
Microsoft Visual Studio Solution File, Format Version 12.00
# Visual Studio Version 16
VisualStudioVersion = 16.0.30011.22
MinimumVisualStudioVersion = 10.0.40219.1
Project("{F2A71F9B-5D33-465A-A702-920D77279786}") = "SharpRaven", "SharpRaven\SharpRaven.fsproj", "{43B2B225-0597-42A8-87C3-9A2109DA2F3A}"
EndProject
Global
	GlobalSection(SolutionConfigurationPlatforms) = preSolution
		Debug|Any CPU = Debug|Any CPU
		Release|Any CPU = Release|Any CPU
	EndGlobalSection
	GlobalSection(ProjectConfigurationPlatforms) = postSolution
		{43B2B225-0597-42A8-87C3-9A2109DA2F3A}.Debug|Any CPU.ActiveCfg = Debug|Any CPU
		{43B2B225-0597-42A8-87C3-9A2109DA2F3A}.Debug|Any CPU.Build.0 = Debug|Any CPU
		{43B2B225-0597-42A8-87C3-9A2109DA2F3A}.Release|Any CPU.ActiveCfg = Release|Any CPU
		{43B2B225-0597-42A8-87C3-9A2109DA2F3A}.Release|Any CPU.Build.0 = Release|Any CPU
	EndGlobalSection
	GlobalSection(SolutionProperties) = preSolution
		HideSolutionNode = FALSE
	EndGlobalSection
	GlobalSection(ExtensibilityGlobals) = postSolution
		SolutionGuid = {9C9DB528-4C17-4CED-AB2C-9D4967FFA6C1}
	EndGlobalSection
EndGlobal
